<?xml version="1.0" encoding="UTF-8" standalone="yes" ?>
<CodeBlocks_project_file>
	<FileVersion major="1" minor="6" />
	<Project>
		<Option title="Hexacrypt-API" />
		<Option pch_mode="2" />
		<Option compiler="gcc" />
		<Build>
			<Target title="Debug">
				<Option output="bin/Debug/Hexacrypt-API" prefix_auto="1" extension_auto="1" />
				<Option object_output="obj/Debug/" />
				<Option type="1" />
				<Option compiler="gcc" />
				<Compiler>
					<Add option="-g" />
					<Add option="-DDEBUG" />
				</Compiler>
			</Target>
			<Target title="Release">
				<Option output="bin/Release/Hexacrypt-API" imp_lib="$(TARGET_OUTPUT_DIR)$(TARGET_OUTPUT_BASENAME).a" def_file="$(TARGET_OUTPUT_DIR)$(TARGET_OUTPUT_BASENAME).def" prefix_auto="1" extension_auto="1" />
				<Option object_output="obj/Release/" />
				<Option type="3" />
				<Option compiler="gcc" />
				<Option createDefFile="1" />
				<Compiler>
					<Add option="-O2" />
					<Add option="-DRELEASE" />
					<Add option="-DBUILD_DLL" />
				</Compiler>
				<Linker>
					<Add option="-s" />
				</Linker>
			</Target>
		</Build>
		<Compiler>
			<Add option="-O3" />
			<Add option="-Wall" />
			<Add option="-std=c99" />
			<Add option="-fPIC" />
			<Add directory="Includes" />
			<Add directory="Hashing" />
			<Add directory="Modules" />
			<Add directory="RNG" />
			<Add directory="Scramblers" />
			<Add directory="Streams" />
		</Compiler>
		<Unit filename="Algorithms/ByteHash.c">
			<Option compilerVar="CC" />
		</Unit>
		<Unit filename="Algorithms/Hexacrypt.c">
			<Option compilerVar="CC" />
		</Unit>
		<Unit filename="Algorithms/HexacryptPlus.c">
			<Option compilerVar="CC" />
		</Unit>
		<Unit filename="Hashing/Hash8.c">
			<Option compilerVar="CC" />
		</Unit>
		<Unit filename="Hashing/Hash8.h" />
		<Unit filename="Hashing/MathHash.c">
			<Option compilerVar="CC" />
		</Unit>
		<Unit filename="Hashing/MathHash.h" />
		<Unit filename="Hashing/PrimeMap-Constants.h" />
		<Unit filename="Hashing/PrimeMap.c">
			<Option compilerVar="CC" />
		</Unit>
		<Unit filename="Hashing/PrimeMap.h" />
		<Unit filename="Hexacrypt-API.c">
			<Option compilerVar="CC" />
		</Unit>
		<Unit filename="Hexacrypt-Tester.c">
			<Option compilerVar="CC" />
			<Option target="&lt;{~None~}&gt;" />
		</Unit>
		<Unit filename="Includes/Dll.h" />
		<Unit filename="Includes/Hexacrypt-API.h" />
		<Unit filename="Modules/HString.c">
			<Option compilerVar="CC" />
		</Unit>
		<Unit filename="Modules/HString.h" />
		<Unit filename="Modules/String-Operations.c">
			<Option compilerVar="CC" />
		</Unit>
		<Unit filename="Modules/String-Operations.h" />
		<Unit filename="RNG/Rand64.c">
			<Option compilerVar="CC" />
		</Unit>
		<Unit filename="RNG/Rand64.h" />
		<Unit filename="Scramblers/MatrixCode.c">
			<Option compilerVar="CC" />
		</Unit>
		<Unit filename="Scramblers/MatrixCode.h" />
		<Unit filename="Scramblers/StringMatrix.c">
			<Option compilerVar="CC" />
		</Unit>
		<Unit filename="Scramblers/StringMatrix.h" />
		<Unit filename="Streams/HexStream.c">
			<Option compilerVar="CC" />
		</Unit>
		<Unit filename="Streams/HexStream.h" />
		<Unit filename="Streams/KeyExpand.c">
			<Option compilerVar="CC" />
		</Unit>
		<Unit filename="Streams/KeyExpand.h" />
		<Extensions>
			<envvars />
			<code_completion />
			<lib_finder disable_auto="1" />
			<debugger />
		</Extensions>
	</Project>
</CodeBlocks_project_file>
